
Microsoft Visual Studio Solution File, Format Version 12.00
# Visual Studio Version 16
VisualStudioVersion = 16.0.31424.327
MinimumVisualStudioVersion = 10.0.40219.1
Project("{FAE04EC0-301F-11D3-BF4B-00C04F79EFBC}") = "Hangman_game", "Hangman_game\Hangman_game.csproj", "{384B44AA-74B1-4BA7-B333-6D2DB26049B3}"
EndProject
Global
	GlobalSection(SolutionConfigurationPlatforms) = preSolution
		Debug|Any CPU = Debug|Any CPU
		Release|Any CPU = Release|Any CPU
	EndGlobalSection
	GlobalSection(ProjectConfigurationPlatforms) = postSolution
		{384B44AA-74B1-4BA7-B333-6D2DB26049B3}.Debug|Any CPU.ActiveCfg = Debug|Any CPU
		{384B44AA-74B1-4BA7-B333-6D2DB26049B3}.Debug|Any CPU.Build.0 = Debug|Any CPU
		{384B44AA-74B1-4BA7-B333-6D2DB26049B3}.Release|Any CPU.ActiveCfg = Release|Any CPU
		{384B44AA-74B1-4BA7-B333-6D2DB26049B3}.Release|Any CPU.Build.0 = Release|Any CPU
	EndGlobalSection
	GlobalSection(SolutionProperties) = preSolution
		HideSolutionNode = FALSE
	EndGlobalSection
	GlobalSection(ExtensibilityGlobals) = postSolution
		SolutionGuid = {383A1BC5-9D52-46BC-90B4-BBE16597A567}
	EndGlobalSection
EndGlobal
